
Microsoft Visual Studio Solution File, Format Version 12.00
# Visual Studio Version 16
VisualStudioVersion = 16.0.29306.81
MinimumVisualStudioVersion = 10.0.40219.1
Project("{FAE04EC0-301F-11D3-BF4B-00C04F79EFBC}") = "qwq", "qwq.csproj", "{509338FA-0742-46DE-8698-A8F29F9CB147}"
EndProject
Global
	GlobalSection(SolutionConfigurationPlatforms) = preSolution
		Debug|Any CPU = Debug|Any CPU
		Release|Any CPU = Release|Any CPU
	EndGlobalSection
	GlobalSection(ProjectConfigurationPlatforms) = postSolution
		{509338FA-0742-46DE-8698-A8F29F9CB147}.Debug|Any CPU.ActiveCfg = Debug|Any CPU
		{509338FA-0742-46DE-8698-A8F29F9CB147}.Debug|Any CPU.Build.0 = Debug|Any CPU
		{509338FA-0742-46DE-8698-A8F29F9CB147}.Release|Any CPU.ActiveCfg = Release|Any CPU
		{509338FA-0742-46DE-8698-A8F29F9CB147}.Release|Any CPU.Build.0 = Release|Any CPU
	EndGlobalSection
	GlobalSection(SolutionProperties) = preSolution
		HideSolutionNode = FALSE
	EndGlobalSection
	GlobalSection(ExtensibilityGlobals) = postSolution
		SolutionGuid = {39C045AE-C055-4CF3-8330-4928B621ED04}
	EndGlobalSection
EndGlobal
